// !$*UTF8*$!
{
	archiveVersion = 1;
	classes = {
	};
	objectVersion = 46;
	objects = {

/* Begin PBXBuildFile section */
		817BEDD91D26394F0092F72A /* AppDelegate.swift in Sources */ = {isa = PBXBuildFile; fileRef = 817BEDD81D26394F0092F72A /* AppDelegate.swift */; };
		817BEDDB1D26394F0092F72A /* ViewController.swift in Sources */ = {isa = PBXBuildFile; fileRef = 817BEDDA1D26394F0092F72A /* ViewController.swift */; };
		817BEDDE1D26394F0092F72A /* Main.storyboard in Resources */ = {isa = PBXBuildFile; fileRef = 817BEDDC1D26394F0092F72A /* Main.storyboard */; };
		817BEDE01D26394F0092F72A /* Assets.xcassets in Resources */ = {isa = PBXBuildFile; fileRef = 817BEDDF1D26394F0092F72A /* Assets.xcassets */; };
		817BEDE31D26394F0092F72A /* LaunchScreen.storyboard in Resources */ = {isa = PBXBuildFile; fileRef = 817BEDE11D26394F0092F72A /* LaunchScreen.storyboard */; };
		817BEDEB1D2639AF0092F72A /* DataStructure.swift in Sources */ = {isa = PBXBuildFile; fileRef = 817BEDEA1D2639AF0092F72A /* DataStructure.swift */; };
		817BEE321D2A028B0092F72A /* Util.swift in Sources */ = {isa = PBXBuildFile; fileRef = 817BEE311D2A028B0092F72A /* Util.swift */; };
/* End PBXBuildFile section */

/* Begin PBXFileReference section */
		817BEDD51D26394F0092F72A /* Poll_binary.app */ = {isa = PBXFileReference; explicitFileType = wrapper.application; includeInIndex = 0; path = Poll_binary.app; sourceTree = BUILT_PRODUCTS_DIR; };
		817BEDD81D26394F0092F72A /* AppDelegate.swift */ = {isa = PBXFileReference; lastKnownFileType = sourcecode.swift; path = AppDelegate.swift; sourceTree = "<group>"; };
		817BEDDA1D26394F0092F72A /* ViewController.swift */ = {isa = PBXFileReference; lastKnownFileType = sourcecode.swift; path = ViewController.swift; sourceTree = "<group>"; };
		817BEDDD1D26394F0092F72A /* Base */ = {isa = PBXFileReference; lastKnownFileType = file.storyboard; name = Base; path = Base.lproj/Main.storyboard; sourceTree = "<group>"; };
		817BEDDF1D26394F0092F72A /* Assets.xcassets */ = {isa = PBXFileReference; lastKnownFileType = folder.assetcatalog; path = Assets.xcassets; sourceTree = "<group>"; };
		817BEDE21D26394F0092F72A /* Base */ = {isa = PBXFileReference; lastKnownFileType = file.storyboard; name = Base; path = Base.lproj/LaunchScreen.storyboard; sourceTree = "<group>"; };
		817BEDE41D26394F0092F72A /* Info.plist */ = {isa = PBXFileReference; lastKnownFileType = text.plist.xml; path = Info.plist; sourceTree = "<group>"; };
		817BEDEA1D2639AF0092F72A /* DataStructure.swift */ = {isa = PBXFileReference; fileEncoding = 4; lastKnownFileType = sourcecode.swift; path = DataStructure.swift; sourceTree = "<group>"; };
		817BEE311D2A028B0092F72A /* Util.swift */ = {isa = PBXFileReference; fileEncoding = 4; lastKnownFileType = sourcecode.swift; path = Util.swift; sourceTree = "<group>"; };
/* End PBXFileReference section */

/* Begin PBXFrameworksBuildPhase section */
		817BEDD21D26394F0092F72A /* Frameworks */ = {
			isa = PBXFrameworksBuildPhase;
			buildActionMask = 2147483647;
			files = (
			);
			runOnlyForDeploymentPostprocessing = 0;
		};
/* End PBXFrameworksBuildPhase section */

/* Begin PBXGroup section */
		817BEDCC1D26394F0092F72A = {
			isa = PBXGroup;
			children = (
				817BEDD71D26394F0092F72A /* Poll_binary */,
				817BEDD61D26394F0092F72A /* Products */,
			);
			sourceTree = "<group>";
		};
		817BEDD61D26394F0092F72A /* Products */ = {
			isa = PBXGroup;
			children = (
				817BEDD51D26394F0092F72A /* Poll_binary.app */,
			);
			name = Products;
			sourceTree = "<group>";
		};
		817BEDD71D26394F0092F72A /* Poll_binary */ = {
			isa = PBXGroup;
			children = (
				817BEDD81D26394F0092F72A /* AppDelegate.swift */,
				817BEDDA1D26394F0092F72A /* ViewController.swift */,
				817BEDDC1D26394F0092F72A /* Main.storyboard */,
				817BEDDF1D26394F0092F72A /* Assets.xcassets */,
				817BEDE11D26394F0092F72A /* LaunchScreen.storyboard */,
				817BEDE41D26394F0092F72A /* Info.plist */,
				817BEDEA1D2639AF0092F72A /* DataStructure.swift */,
				817BEE311D2A028B0092F72A /* Util.swift */,
			);
			path = Poll_binary;
			sourceTree = "<group>";
		};
/* End PBXGroup section */

/* Begin PBXNativeTarget section */
		817BEDD41D26394F0092F72A /* Poll_binary */ = {
			isa = PBXNativeTarget;
			buildConfigurationList = 817BEDE71D26394F0092F72A /* Build configuration list for PBXNativeTarget "Poll_binary" */;
			buildPhases = (
				817BEDD11D26394F0092F72A /* Sources */,
				817BEDD21D26394F0092F72A /* Frameworks */,
				817BEDD31D26394F0092F72A /* Resources */,
			);
			buildRules = (
			);
			dependencies = (
			);
			name = Poll_binary;
			productName = Poll_binary;
			productReference = 817BEDD51D26394F0092F72A /* Poll_binary.app */;
			productType = "com.apple.product-type.application";
		};
/* End PBXNativeTarget section */

/* Begin PBXProject section */
		817BEDCD1D26394F0092F72A /* Project object */ = {
			isa = PBXProject;
			attributes = {
				LastSwiftUpdateCheck = 0730;
				LastUpgradeCheck = 0730;
				ORGANIZATIONNAME = Shruthi;
				TargetAttributes = {
					817BEDD41D26394F0092F72A = {
						CreatedOnToolsVersion = 7.3;
					};
				};
			};
			buildConfigurationList = 817BEDD01D26394F0092F72A /* Build configuration list for PBXProject "Poll_binary" */;
			compatibilityVersion = "Xcode 3.2";
			developmentRegion = English;
			hasScannedForEncodings = 0;
			knownRegions = (
				en,
				Base,
			);
			mainGroup = 817BEDCC1D26394F0092F72A;
			productRefGroup = 817BEDD61D26394F0092F72A /* Products */;
			projectDirPath = "";
			projectRoot = "";
			targets = (
				817BEDD41D26394F0092F72A /* Poll_binary */,
			);
		};
/* End PBXProject section */

/* Begin PBXResourcesBuildPhase section */
		817BEDD31D26394F0092F72A /* Resources */ = {
			isa = PBXResourcesBuildPhase;
			buildActionMask = 2147483647;
			files = (
				817BEDE31D26394F0092F72A /* LaunchScreen.storyboard in Resources */,
				817BEDE01D26394F0092F72A /* Assets.xcassets in Resources */,
				817BEDDE1D26394F0092F72A /* Main.storyboard in Resources */,
			);
			runOnlyForDeploymentPostprocessing = 0;
		};
/* End PBXResourcesBuildPhase section */

/* Begin PBXSourcesBuildPhase section */
		817BEDD11D26394F0092F72A /* Sources */ = {
			isa = PBXSourcesBuildPhase;
			buildActionMask = 2147483647;
			files = (
				817BEDEB1D2639AF0092F72A /* DataStructure.swift in Sources */,
				817BEDDB1D26394F0092F72A /* ViewController.swift in Sources */,
				817BEDD91D26394F0092F72A /* AppDelegate.swift in Sources */,
				817BEE321D2A028B0092F72A /* Util.swift in Sources */,
			);
			runOnlyForDeploymentPostprocessing = 0;
		};
/* End PBXSourcesBuildPhase section */

/* Begin PBXVariantGroup section */
		817BEDDC1D26394F0092F72A /* Main.storyboard */ = {
			isa = PBXVariantGroup;
			children = (
				817BEDDD1D26394F0092F72A /* Base */,
			);
			name = Main.storyboard;
			sourceTree = "<group>";
		};
		817BEDE11D26394F0092F72A /* LaunchScreen.storyboard */ = {
			isa = PBXVariantGroup;
			children = (
				817BEDE21D26394F0092F72A /* Base */,
			);
			name = LaunchScreen.storyboard;
			sourceTree = "<group>";
		};
/* End PBXVariantGroup section */

/* Begin XCBuildConfiguration section */
		817BEDE51D26394F0092F72A /* Debug */ = {
			isa = XCBuildConfiguration;
			buildSettings = {
				ALWAYS_SEARCH_USER_PATHS = NO;
				CLANG_ANALYZER_NONNULL = YES;
				CLANG_CXX_LANGUAGE_STANDARD = "gnu++0x";
				CLANG_CXX_LIBRARY = "libc++";
				CLANG_ENABLE_MODULES = YES;
				CLANG_ENABLE_OBJC_ARC = YES;
				CLANG_WARN_BOOL_CONVERSION = YES;
				CLANG_WARN_CONSTANT_CONVERSION = YES;
				CLANG_WARN_DIRECT_OBJC_ISA_USAGE = YES_ERROR;
				CLANG_WARN_EMPTY_BODY = YES;
				CLANG_WARN_ENUM_CONVERSION = YES;
				CLANG_WARN_INT_CONVERSION = YES;
				CLANG_WARN_OBJC_ROOT_CLASS = YES_ERROR;
				CLANG_WARN_UNREACHABLE_CODE = YES;
				CLANG_WARN__DUPLICATE_METHOD_MATCH = YES;
				"CODE_SIGN_IDENTITY[sdk=iphoneos*]" = "iPhone Developer";
				COPY_PHASE_STRIP = NO;
				DEBUG_INFORMATION_FORMAT = dwarf;
				ENABLE_STRICT_OBJC_MSGSEND = YES;
				ENABLE_TESTABILITY = YES;
				GCC_C_LANGUAGE_STANDARD = gnu99;
				GCC_DYNAMIC_NO_PIC = NO;
				GCC_NO_COMMON_BLOCKS = YES;
				GCC_OPTIMIZATION_LEVEL = 0;
				GCC_PREPROCESSOR_DEFINITIONS = (
					"DEBUG=1",
					"$(inherited)",
				);
				GCC_WARN_64_TO_32_BIT_CONVERSION = YES;
				GCC_WARN_ABOUT_RETURN_TYPE = YES_ERROR;
				GCC_WARN_UNDECLARED_SELECTOR = YES;
				GCC_WARN_UNINITIALIZED_AUTOS = YES_AGGRESSIVE;
				GCC_WARN_UNUSED_FUNCTION = YES;
				GCC_WARN_UNUSED_VARIABLE = YES;
				IPHONEOS_DEPLOYMENT_TARGET = 9.3;
				MTL_ENABLE_DEBUG_INFO = YES;
				ONLY_ACTIVE_ARCH = YES;
				SDKROOT = iphoneos;
				SWIFT_OPTIMIZATION_LEVEL = "-Onone";
			};
			name = Debug;
		};
		817BEDE61D26394F0092F72A /* Release */ = {
			isa = XCBuildConfiguration;
			buildSettings = {
				ALWAYS_SEARCH_USER_PATHS = NO;
				CLANG_ANALYZER_NONNULL = YES;
				CLANG_CXX_LANGUAGE_STANDARD = "gnu++0x";
				CLANG_CXX_LIBRARY = "libc++";
				CLANG_ENABLE_MODULES = YES;
				CLANG_ENABLE_OBJC_ARC = YES;
				CLANG_WARN_BOOL_CONVERSION = YES;
				CLANG_WARN_CONSTANT_CONVERSION = YES;
				CLANG_WARN_DIRECT_OBJC_ISA_USAGE = YES_ERROR;
				CLANG_WARN_EMPTY_BODY = YES;
				CLANG_WARN_ENUM_CONVERSION = YES;
				CLANG_WARN_INT_CONVERSION = YES;
				CLANG_WARN_OBJC_ROOT_CLASS = YES_ERROR;
				CLANG_WARN_UNREACHABLE_CODE = YES;
				CLANG_WARN__DUPLICATE_METHOD_MATCH = YES;
				"CODE_SIGN_IDENTITY[sdk=iphoneos*]" = "iPhone Developer";
				COPY_PHASE_STRIP = NO;
				DEBUG_INFORMATION_FORMAT = "dwarf-with-dsym";
				ENABLE_NS_ASSERTIONS = NO;
				ENABLE_STRICT_OBJC_MSGSEND = YES;
				GCC_C_LANGUAGE_STANDARD = gnu99;
				GCC_NO_COMMON_BLOCKS = YES;
				GCC_WARN_64_TO_32_BIT_CONVERSION = YES;
				GCC_WARN_ABOUT_RETURN_TYPE = YES_ERROR;
				GCC_WARN_UNDECLARED_SELECTOR = YES;
				GCC_WARN_UNINITIALIZED_AUTOS = YES_AGGRESSIVE;
				GCC_WARN_UNUSED_FUNCTION = YES;
				GCC_WARN_UNUSED_VARIABLE = YES;
				IPHONEOS_DEPLOYMENT_TARGET = 9.3;
				MTL_ENABLE_DEBUG_INFO = NO;
				SDKROOT = iphoneos;
				VALIDATE_PRODUCT = YES;
			};
			name = Release;
		};
		817BEDE81D26394F0092F72A /* Debug */ = {
			isa = XCBuildConfiguration;
			buildSettings = {
				ASSETCATALOG_COMPILER_APPICON_NAME = AppIcon;
				INFOPLIST_FILE = Poll_binary/Info.plist;
				LD_RUNPATH_SEARCH_PATHS = "$(inherited) @executable_path/Frameworks";
				PRODUCT_BUNDLE_IDENTIFIER = "OmniMarketTide.Poll-binary";
				PRODUCT_NAME = "$(TARGET_NAME)";
			};
			name = Debug;
		};
		817BEDE91D26394F0092F72A /* Release */ = {
			isa = XCBuildConfiguration;
			buildSettings = {
				ASSETCATALOG_COMPILER_APPICON_NAME = AppIcon;
				INFOPLIST_FILE = Poll_binary/Info.plist;
				LD_RUNPATH_SEARCH_PATHS = "$(inherited) @executable_path/Frameworks";
				PRODUCT_BUNDLE_IDENTIFIER = "OmniMarketTide.Poll-binary";
				PRODUCT_NAME = "$(TARGET_NAME)";
			};
			name = Release;
		};
/* End XCBuildConfiguration section */

/* Begin XCConfigurationList section */
		817BEDD01D26394F0092F72A /* Build configuration list for PBXProject "Poll_binary" */ = {
			isa = XCConfigurationList;
			buildConfigurations = (
				817BEDE51D26394F0092F72A /* Debug */,
				817BEDE61D26394F0092F72A /* Release */,
			);
			defaultConfigurationIsVisible = 0;
			defaultConfigurationName = Release;
		};
		817BEDE71D26394F0092F72A /* Build configuration list for PBXNativeTarget "Poll_binary" */ = {
			isa = XCConfigurationList;
			buildConfigurations = (
				817BEDE81D26394F0092F72A /* Debug */,
				817BEDE91D26394F0092F72A /* Release */,
			);
			defaultConfigurationIsVisible = 0;
			defaultConfigurationName = Release;
		};
/* End XCConfigurationList section */
	};
	rootObject = 817BEDCD1D26394F0092F72A /* Project object */;
}
